
Microsoft Visual Studio Solution File, Format Version 12.00
# Visual Studio 15
VisualStudioVersion = 15.0.26228.9
MinimumVisualStudioVersion = 10.0.40219.1
Project("{9A19103F-16F7-4668-BE54-9A1E7A4F7556}") = "CompareTheTriplets", "CompareTheTriplets\CompareTheTriplets.csproj", "{0A1E4C5E-CCBA-4B06-B4B1-E9EB4C53BEC2}"
EndProject
Project("{9A19103F-16F7-4668-BE54-9A1E7A4F7556}") = "EmasSupercomputer", "EmasSupercomputer\EmasSupercomputer.csproj", "{8A624D22-F748-4672-AEEC-7616519AFA29}"
EndProject
Project("{9A19103F-16F7-4668-BE54-9A1E7A4F7556}") = "VeryBigSum", "VeryBigSum\VeryBigSum.csproj", "{86ABF667-0CB1-40AD-A052-EB620075C93C}"
EndProject
Project("{9A19103F-16F7-4668-BE54-9A1E7A4F7556}") = "DiagonalDifference", "DiagonalDifference\DiagonalDifference.csproj", "{573226B7-D774-4F19-9262-7B3AA65DEB9C}"
EndProject
Project("{9A19103F-16F7-4668-BE54-9A1E7A4F7556}") = "UtopianTree", "UtopianTree\UtopianTree.csproj", "{220D1FCA-F1DD-4365-9F8E-164C0E41517E}"
EndProject
Project("{9A19103F-16F7-4668-BE54-9A1E7A4F7556}") = "HurdleRace", "HurdleRace\HurdleRace.csproj", "{707673BA-90FC-4973-B724-EC28351FE567}"
EndProject
Project("{9A19103F-16F7-4668-BE54-9A1E7A4F7556}") = "CatsAndMouse", "CatsAndMouse\CatsAndMouse.csproj", "{61010176-6639-4240-A5C4-A5AB4B749CCB}"
EndProject
Project("{9A19103F-16F7-4668-BE54-9A1E7A4F7556}") = "BreakingRecords", "BreakingRecords\BreakingRecords.csproj", "{F7B542C8-4FA0-4EF5-8819-EF202E2B075A}"
EndProject
Project("{9A19103F-16F7-4668-BE54-9A1E7A4F7556}") = "MinimaxSum", "MinimaxSum\MinimaxSum.csproj", "{D64CABB0-3BA3-4380-9E0F-CEE0AB5C1FCF}"
EndProject
Project("{9A19103F-16F7-4668-BE54-9A1E7A4F7556}") = "CamelCase", "CamelCase\CamelCase.csproj", "{E5462AF3-CFCF-4AE8-8812-D20F3F24F5DD}"
EndProject
Project("{9A19103F-16F7-4668-BE54-9A1E7A4F7556}") = "SockMerchant", "SockMerchant\SockMerchant.csproj", "{FBA1CC81-0B08-4E78-B639-70A14F0CE594}"
EndProject
Project("{9A19103F-16F7-4668-BE54-9A1E7A4F7556}") = "DivisibleSumPairs", "DivisibleSumPairs\DivisibleSumPairs.csproj", "{2C4CC22F-DDC9-4FCE-BC06-27B1F9D68249}"
EndProject
Project("{9A19103F-16F7-4668-BE54-9A1E7A4F7556}") = "MigratoryBirds", "MigratoryBirds\MigratoryBirds.csproj", "{745BB1B4-B5C7-4CA2-BB45-BF8EA4C95EC4}"
EndProject
Project("{9A19103F-16F7-4668-BE54-9A1E7A4F7556}") = "BonAppetit", "BonAppetit\BonAppetit.csproj", "{6EB6026D-2FC6-4950-8D0B-2AB1C1381967}"
EndProject
Project("{9A19103F-16F7-4668-BE54-9A1E7A4F7556}") = "EqualizeArray", "EqualizeArray\EqualizeArray.csproj", "{A75CB45E-F86E-452F-AED7-28C709492A6C}"
EndProject
Project("{9A19103F-16F7-4668-BE54-9A1E7A4F7556}") = "IceCreamParlor", "IceCreamParlor\IceCreamParlor.csproj", "{9BD8EE5D-BAE0-4D77-BD8C-39A4DFECF5A5}"
EndProject
Project("{9A19103F-16F7-4668-BE54-9A1E7A4F7556}") = "ElectronicsShop", "ElectronicsShop\ElectronicsShop.csproj", "{BC57DDA6-C599-438C-8A62-D6F1836D6C00}"
EndProject
Project("{FAE04EC0-301F-11D3-BF4B-00C04F79EFBC}") = "BigSorting", "BigSorting\BigSorting.csproj", "{01256ED8-E32B-4A8C-8633-971CFAA985C3}"
EndProject
Project("{FAE04EC0-301F-11D3-BF4B-00C04F79EFBC}") = "SortingTutorial", "SortingTutorial\SortingTutorial.csproj", "{4CBFB3B4-3D98-4CCF-AA28-BD1719F500ED}"
EndProject
Project("{FAE04EC0-301F-11D3-BF4B-00C04F79EFBC}") = "RoadsAndLibraries", "RoadsAndLibraries\RoadsAndLibraries.csproj", "{702E85C1-66C2-445A-B967-4AEA1FCC7C88}"
EndProject
Project("{FAE04EC0-301F-11D3-BF4B-00C04F79EFBC}") = "CoinChangeProblem", "CoinChangeProblem\CoinChangeProblem.csproj", "{1AB3061F-AADA-4187-A9A8-BA534AC0CA08}"
EndProject
Project("{FAE04EC0-301F-11D3-BF4B-00C04F79EFBC}") = "DPEqual", "DPEqual\DPEqual.csproj", "{39C8F7FC-93F9-4062-A398-86070ADF17E6}"
EndProject
Project("{FAE04EC0-301F-11D3-BF4B-00C04F79EFBC}") = "MinimumAbsoluteDiffInArray", "MinimumAbsoluteDiffInArray\MinimumAbsoluteDiffInArray.csproj", "{BABF2236-3691-499D-ACC4-01183D5F77BB}"
EndProject
Project("{FAE04EC0-301F-11D3-BF4B-00C04F79EFBC}") = "MarksCakewalk", "MarksCakewalk\MarksCakewalk.csproj", "{EB237E49-98DB-4F43-A565-62187505F8B7}"
EndProject
Project("{FAE04EC0-301F-11D3-BF4B-00C04F79EFBC}") = "HackerlandRadioTransmitters", "HackerlandRadioTransmitters\HackerlandRadioTransmitters.csproj", "{071D8D8B-E622-4500-A441-F84B14623BDC}"
EndProject
Project("{FAE04EC0-301F-11D3-BF4B-00C04F79EFBC}") = "LonelyInteger", "LonelyInteger\LonelyInteger.csproj", "{F22D9D52-90F0-4FA7-BDBB-B5C349631E93}"
EndProject
Project("{FAE04EC0-301F-11D3-BF4B-00C04F79EFBC}") = "MaximizingXor", "MaximizingXor\MaximizingXor.csproj", "{EA075BB7-AB9B-4CC8-BCC8-A0C1E8BB7E6F}"
EndProject
Project("{FAE04EC0-301F-11D3-BF4B-00C04F79EFBC}") = "GameOfStones", "GameOfStones\GameOfStones.csproj", "{76E44FC8-D0A9-474F-AC4F-D1F7E43C5A9D}"
EndProject
Project("{FAE04EC0-301F-11D3-BF4B-00C04F79EFBC}") = "JumpingOnClouds", "JumpingOnClouds\JumpingOnClouds.csproj", "{7B10EFAB-8FB2-47CA-AAB1-B93AA606CDFF}"
EndProject
Project("{FAE04EC0-301F-11D3-BF4B-00C04F79EFBC}") = "CavityMap", "CavityMap\CavityMap.csproj", "{B73B97B5-5247-4255-9B4B-9C7E5898F6DC}"
EndProject
Project("{FAE04EC0-301F-11D3-BF4B-00C04F79EFBC}") = "FindDigits", "FindDigits\FindDigits.csproj", "{CE3C1E56-EBE7-45EF-A214-8D59123E1A8C}"
EndProject
Project("{FAE04EC0-301F-11D3-BF4B-00C04F79EFBC}") = "ExtraLongFactorials", "ExtraLongFactorials\ExtraLongFactorials.csproj", "{C7E1CAC3-6EB5-4CDA-A1A2-7EFECFBC19A9}"
EndProject
Project("{FAE04EC0-301F-11D3-BF4B-00C04F79EFBC}") = "TimeConversion", "TimeConversion\TimeConversion.csproj", "{F1C472C9-9456-4350-A2EE-BA96FE9610B7}"
EndProject
Project("{FAE04EC0-301F-11D3-BF4B-00C04F79EFBC}") = "Quicksort1Partition", "Quicksort1Partition\Quicksort1Partition.csproj", "{3D13FDBD-E9C5-4706-94A2-01A8A9D396B6}"
EndProject
Project("{FAE04EC0-301F-11D3-BF4B-00C04F79EFBC}") = "Quicksort2Sorting", "Quicksort2Sorting\Quicksort2Sorting.csproj", "{25105816-2116-40F9-9422-56FE4CE2FBAF}"
EndProject
Project("{FAE04EC0-301F-11D3-BF4B-00C04F79EFBC}") = "QuicksortInPlace", "QuicksortInPlace\QuicksortInPlace.csproj", "{A26F72ED-4A20-468B-83EC-F11A2F9D46F2}"
EndProject
Project("{FAE04EC0-301F-11D3-BF4B-00C04F79EFBC}") = "FindTheMedian", "FindTheMedian\FindTheMedian.csproj", "{DBD0F70C-82FB-4047-A5B4-385670E17D56}"
EndProject
Project("{FAE04EC0-301F-11D3-BF4B-00C04F79EFBC}") = "CountingSort", "CountingSort\CountingSort.csproj", "{911B9310-6918-4438-A06A-B9EF825B6D38}"
EndProject
Project("{FAE04EC0-301F-11D3-BF4B-00C04F79EFBC}") = "CountingSort2", "CountingSort2\CountingSort2.csproj", "{A0BF645A-834C-46D6-9980-EFA68DD52C50}"
EndProject
Project("{FAE04EC0-301F-11D3-BF4B-00C04F79EFBC}") = "FullCountingSort", "FullCountingSort\FullCountingSort.csproj", "{D842975B-6828-4FA1-891D-110C480C9683}"
EndProject
Project("{FAE04EC0-301F-11D3-BF4B-00C04F79EFBC}") = "ClosestNumbers", "ClosestNumbers\ClosestNumbers.csproj", "{7EA0C7BB-F3EE-4268-87DE-975EED20D701}"
EndProject
Global
	GlobalSection(SolutionConfigurationPlatforms) = preSolution
		Debug|Any CPU = Debug|Any CPU
		Release|Any CPU = Release|Any CPU
	EndGlobalSection
	GlobalSection(ProjectConfigurationPlatforms) = postSolution
		{0A1E4C5E-CCBA-4B06-B4B1-E9EB4C53BEC2}.Debug|Any CPU.ActiveCfg = Debug|Any CPU
		{0A1E4C5E-CCBA-4B06-B4B1-E9EB4C53BEC2}.Debug|Any CPU.Build.0 = Debug|Any CPU
		{0A1E4C5E-CCBA-4B06-B4B1-E9EB4C53BEC2}.Release|Any CPU.ActiveCfg = Release|Any CPU
		{0A1E4C5E-CCBA-4B06-B4B1-E9EB4C53BEC2}.Release|Any CPU.Build.0 = Release|Any CPU
		{8A624D22-F748-4672-AEEC-7616519AFA29}.Debug|Any CPU.ActiveCfg = Debug|Any CPU
		{8A624D22-F748-4672-AEEC-7616519AFA29}.Debug|Any CPU.Build.0 = Debug|Any CPU
		{8A624D22-F748-4672-AEEC-7616519AFA29}.Release|Any CPU.ActiveCfg = Release|Any CPU
		{8A624D22-F748-4672-AEEC-7616519AFA29}.Release|Any CPU.Build.0 = Release|Any CPU
		{86ABF667-0CB1-40AD-A052-EB620075C93C}.Debug|Any CPU.ActiveCfg = Debug|Any CPU
		{86ABF667-0CB1-40AD-A052-EB620075C93C}.Debug|Any CPU.Build.0 = Debug|Any CPU
		{86ABF667-0CB1-40AD-A052-EB620075C93C}.Release|Any CPU.ActiveCfg = Release|Any CPU
		{86ABF667-0CB1-40AD-A052-EB620075C93C}.Release|Any CPU.Build.0 = Release|Any CPU
		{573226B7-D774-4F19-9262-7B3AA65DEB9C}.Debug|Any CPU.ActiveCfg = Debug|Any CPU
		{573226B7-D774-4F19-9262-7B3AA65DEB9C}.Debug|Any CPU.Build.0 = Debug|Any CPU
		{573226B7-D774-4F19-9262-7B3AA65DEB9C}.Release|Any CPU.ActiveCfg = Release|Any CPU
		{573226B7-D774-4F19-9262-7B3AA65DEB9C}.Release|Any CPU.Build.0 = Release|Any CPU
		{220D1FCA-F1DD-4365-9F8E-164C0E41517E}.Debug|Any CPU.ActiveCfg = Debug|Any CPU
		{220D1FCA-F1DD-4365-9F8E-164C0E41517E}.Debug|Any CPU.Build.0 = Debug|Any CPU
		{220D1FCA-F1DD-4365-9F8E-164C0E41517E}.Release|Any CPU.ActiveCfg = Release|Any CPU
		{220D1FCA-F1DD-4365-9F8E-164C0E41517E}.Release|Any CPU.Build.0 = Release|Any CPU
		{707673BA-90FC-4973-B724-EC28351FE567}.Debug|Any CPU.ActiveCfg = Debug|Any CPU
		{707673BA-90FC-4973-B724-EC28351FE567}.Debug|Any CPU.Build.0 = Debug|Any CPU
		{707673BA-90FC-4973-B724-EC28351FE567}.Release|Any CPU.ActiveCfg = Release|Any CPU
		{707673BA-90FC-4973-B724-EC28351FE567}.Release|Any CPU.Build.0 = Release|Any CPU
		{61010176-6639-4240-A5C4-A5AB4B749CCB}.Debug|Any CPU.ActiveCfg = Debug|Any CPU
		{61010176-6639-4240-A5C4-A5AB4B749CCB}.Debug|Any CPU.Build.0 = Debug|Any CPU
		{61010176-6639-4240-A5C4-A5AB4B749CCB}.Release|Any CPU.ActiveCfg = Release|Any CPU
		{61010176-6639-4240-A5C4-A5AB4B749CCB}.Release|Any CPU.Build.0 = Release|Any CPU
		{F7B542C8-4FA0-4EF5-8819-EF202E2B075A}.Debug|Any CPU.ActiveCfg = Debug|Any CPU
		{F7B542C8-4FA0-4EF5-8819-EF202E2B075A}.Debug|Any CPU.Build.0 = Debug|Any CPU
		{F7B542C8-4FA0-4EF5-8819-EF202E2B075A}.Release|Any CPU.ActiveCfg = Release|Any CPU
		{F7B542C8-4FA0-4EF5-8819-EF202E2B075A}.Release|Any CPU.Build.0 = Release|Any CPU
		{D64CABB0-3BA3-4380-9E0F-CEE0AB5C1FCF}.Debug|Any CPU.ActiveCfg = Debug|Any CPU
		{D64CABB0-3BA3-4380-9E0F-CEE0AB5C1FCF}.Debug|Any CPU.Build.0 = Debug|Any CPU
		{D64CABB0-3BA3-4380-9E0F-CEE0AB5C1FCF}.Release|Any CPU.ActiveCfg = Release|Any CPU
		{D64CABB0-3BA3-4380-9E0F-CEE0AB5C1FCF}.Release|Any CPU.Build.0 = Release|Any CPU
		{E5462AF3-CFCF-4AE8-8812-D20F3F24F5DD}.Debug|Any CPU.ActiveCfg = Debug|Any CPU
		{E5462AF3-CFCF-4AE8-8812-D20F3F24F5DD}.Debug|Any CPU.Build.0 = Debug|Any CPU
		{E5462AF3-CFCF-4AE8-8812-D20F3F24F5DD}.Release|Any CPU.ActiveCfg = Release|Any CPU
		{E5462AF3-CFCF-4AE8-8812-D20F3F24F5DD}.Release|Any CPU.Build.0 = Release|Any CPU
		{FBA1CC81-0B08-4E78-B639-70A14F0CE594}.Debug|Any CPU.ActiveCfg = Debug|Any CPU
		{FBA1CC81-0B08-4E78-B639-70A14F0CE594}.Debug|Any CPU.Build.0 = Debug|Any CPU
		{FBA1CC81-0B08-4E78-B639-70A14F0CE594}.Release|Any CPU.ActiveCfg = Release|Any CPU
		{FBA1CC81-0B08-4E78-B639-70A14F0CE594}.Release|Any CPU.Build.0 = Release|Any CPU
		{2C4CC22F-DDC9-4FCE-BC06-27B1F9D68249}.Debug|Any CPU.ActiveCfg = Debug|Any CPU
		{2C4CC22F-DDC9-4FCE-BC06-27B1F9D68249}.Debug|Any CPU.Build.0 = Debug|Any CPU
		{2C4CC22F-DDC9-4FCE-BC06-27B1F9D68249}.Release|Any CPU.ActiveCfg = Release|Any CPU
		{2C4CC22F-DDC9-4FCE-BC06-27B1F9D68249}.Release|Any CPU.Build.0 = Release|Any CPU
		{745BB1B4-B5C7-4CA2-BB45-BF8EA4C95EC4}.Debug|Any CPU.ActiveCfg = Debug|Any CPU
		{745BB1B4-B5C7-4CA2-BB45-BF8EA4C95EC4}.Debug|Any CPU.Build.0 = Debug|Any CPU
		{745BB1B4-B5C7-4CA2-BB45-BF8EA4C95EC4}.Release|Any CPU.ActiveCfg = Release|Any CPU
		{745BB1B4-B5C7-4CA2-BB45-BF8EA4C95EC4}.Release|Any CPU.Build.0 = Release|Any CPU
		{6EB6026D-2FC6-4950-8D0B-2AB1C1381967}.Debug|Any CPU.ActiveCfg = Debug|Any CPU
		{6EB6026D-2FC6-4950-8D0B-2AB1C1381967}.Debug|Any CPU.Build.0 = Debug|Any CPU
		{6EB6026D-2FC6-4950-8D0B-2AB1C1381967}.Release|Any CPU.ActiveCfg = Release|Any CPU
		{6EB6026D-2FC6-4950-8D0B-2AB1C1381967}.Release|Any CPU.Build.0 = Release|Any CPU
		{A75CB45E-F86E-452F-AED7-28C709492A6C}.Debug|Any CPU.ActiveCfg = Debug|Any CPU
		{A75CB45E-F86E-452F-AED7-28C709492A6C}.Debug|Any CPU.Build.0 = Debug|Any CPU
		{A75CB45E-F86E-452F-AED7-28C709492A6C}.Release|Any CPU.ActiveCfg = Release|Any CPU
		{A75CB45E-F86E-452F-AED7-28C709492A6C}.Release|Any CPU.Build.0 = Release|Any CPU
		{9BD8EE5D-BAE0-4D77-BD8C-39A4DFECF5A5}.Debug|Any CPU.ActiveCfg = Debug|Any CPU
		{9BD8EE5D-BAE0-4D77-BD8C-39A4DFECF5A5}.Debug|Any CPU.Build.0 = Debug|Any CPU
		{9BD8EE5D-BAE0-4D77-BD8C-39A4DFECF5A5}.Release|Any CPU.ActiveCfg = Release|Any CPU
		{9BD8EE5D-BAE0-4D77-BD8C-39A4DFECF5A5}.Release|Any CPU.Build.0 = Release|Any CPU
		{BC57DDA6-C599-438C-8A62-D6F1836D6C00}.Debug|Any CPU.ActiveCfg = Debug|Any CPU
		{BC57DDA6-C599-438C-8A62-D6F1836D6C00}.Debug|Any CPU.Build.0 = Debug|Any CPU
		{BC57DDA6-C599-438C-8A62-D6F1836D6C00}.Release|Any CPU.ActiveCfg = Release|Any CPU
		{BC57DDA6-C599-438C-8A62-D6F1836D6C00}.Release|Any CPU.Build.0 = Release|Any CPU
		{01256ED8-E32B-4A8C-8633-971CFAA985C3}.Debug|Any CPU.ActiveCfg = Debug|Any CPU
		{01256ED8-E32B-4A8C-8633-971CFAA985C3}.Debug|Any CPU.Build.0 = Debug|Any CPU
		{01256ED8-E32B-4A8C-8633-971CFAA985C3}.Release|Any CPU.ActiveCfg = Release|Any CPU
		{01256ED8-E32B-4A8C-8633-971CFAA985C3}.Release|Any CPU.Build.0 = Release|Any CPU
		{4CBFB3B4-3D98-4CCF-AA28-BD1719F500ED}.Debug|Any CPU.ActiveCfg = Debug|Any CPU
		{4CBFB3B4-3D98-4CCF-AA28-BD1719F500ED}.Debug|Any CPU.Build.0 = Debug|Any CPU
		{4CBFB3B4-3D98-4CCF-AA28-BD1719F500ED}.Release|Any CPU.ActiveCfg = Release|Any CPU
		{4CBFB3B4-3D98-4CCF-AA28-BD1719F500ED}.Release|Any CPU.Build.0 = Release|Any CPU
		{702E85C1-66C2-445A-B967-4AEA1FCC7C88}.Debug|Any CPU.ActiveCfg = Debug|Any CPU
		{702E85C1-66C2-445A-B967-4AEA1FCC7C88}.Debug|Any CPU.Build.0 = Debug|Any CPU
		{702E85C1-66C2-445A-B967-4AEA1FCC7C88}.Release|Any CPU.ActiveCfg = Release|Any CPU
		{702E85C1-66C2-445A-B967-4AEA1FCC7C88}.Release|Any CPU.Build.0 = Release|Any CPU
		{1AB3061F-AADA-4187-A9A8-BA534AC0CA08}.Debug|Any CPU.ActiveCfg = Debug|Any CPU
		{1AB3061F-AADA-4187-A9A8-BA534AC0CA08}.Debug|Any CPU.Build.0 = Debug|Any CPU
		{1AB3061F-AADA-4187-A9A8-BA534AC0CA08}.Release|Any CPU.ActiveCfg = Release|Any CPU
		{1AB3061F-AADA-4187-A9A8-BA534AC0CA08}.Release|Any CPU.Build.0 = Release|Any CPU
		{39C8F7FC-93F9-4062-A398-86070ADF17E6}.Debug|Any CPU.ActiveCfg = Debug|Any CPU
		{39C8F7FC-93F9-4062-A398-86070ADF17E6}.Debug|Any CPU.Build.0 = Debug|Any CPU
		{39C8F7FC-93F9-4062-A398-86070ADF17E6}.Release|Any CPU.ActiveCfg = Release|Any CPU
		{39C8F7FC-93F9-4062-A398-86070ADF17E6}.Release|Any CPU.Build.0 = Release|Any CPU
		{BABF2236-3691-499D-ACC4-01183D5F77BB}.Debug|Any CPU.ActiveCfg = Debug|Any CPU
		{BABF2236-3691-499D-ACC4-01183D5F77BB}.Debug|Any CPU.Build.0 = Debug|Any CPU
		{BABF2236-3691-499D-ACC4-01183D5F77BB}.Release|Any CPU.ActiveCfg = Release|Any CPU
		{BABF2236-3691-499D-ACC4-01183D5F77BB}.Release|Any CPU.Build.0 = Release|Any CPU
		{EB237E49-98DB-4F43-A565-62187505F8B7}.Debug|Any CPU.ActiveCfg = Debug|Any CPU
		{EB237E49-98DB-4F43-A565-62187505F8B7}.Debug|Any CPU.Build.0 = Debug|Any CPU
		{EB237E49-98DB-4F43-A565-62187505F8B7}.Release|Any CPU.ActiveCfg = Release|Any CPU
		{EB237E49-98DB-4F43-A565-62187505F8B7}.Release|Any CPU.Build.0 = Release|Any CPU
		{071D8D8B-E622-4500-A441-F84B14623BDC}.Debug|Any CPU.ActiveCfg = Debug|Any CPU
		{071D8D8B-E622-4500-A441-F84B14623BDC}.Debug|Any CPU.Build.0 = Debug|Any CPU
		{071D8D8B-E622-4500-A441-F84B14623BDC}.Release|Any CPU.ActiveCfg = Release|Any CPU
		{071D8D8B-E622-4500-A441-F84B14623BDC}.Release|Any CPU.Build.0 = Release|Any CPU
		{F22D9D52-90F0-4FA7-BDBB-B5C349631E93}.Debug|Any CPU.ActiveCfg = Debug|Any CPU
		{F22D9D52-90F0-4FA7-BDBB-B5C349631E93}.Debug|Any CPU.Build.0 = Debug|Any CPU
		{F22D9D52-90F0-4FA7-BDBB-B5C349631E93}.Release|Any CPU.ActiveCfg = Release|Any CPU
		{F22D9D52-90F0-4FA7-BDBB-B5C349631E93}.Release|Any CPU.Build.0 = Release|Any CPU
		{EA075BB7-AB9B-4CC8-BCC8-A0C1E8BB7E6F}.Debug|Any CPU.ActiveCfg = Debug|Any CPU
		{EA075BB7-AB9B-4CC8-BCC8-A0C1E8BB7E6F}.Debug|Any CPU.Build.0 = Debug|Any CPU
		{EA075BB7-AB9B-4CC8-BCC8-A0C1E8BB7E6F}.Release|Any CPU.ActiveCfg = Release|Any CPU
		{EA075BB7-AB9B-4CC8-BCC8-A0C1E8BB7E6F}.Release|Any CPU.Build.0 = Release|Any CPU
		{76E44FC8-D0A9-474F-AC4F-D1F7E43C5A9D}.Debug|Any CPU.ActiveCfg = Debug|Any CPU
		{76E44FC8-D0A9-474F-AC4F-D1F7E43C5A9D}.Debug|Any CPU.Build.0 = Debug|Any CPU
		{76E44FC8-D0A9-474F-AC4F-D1F7E43C5A9D}.Release|Any CPU.ActiveCfg = Release|Any CPU
		{76E44FC8-D0A9-474F-AC4F-D1F7E43C5A9D}.Release|Any CPU.Build.0 = Release|Any CPU
		{7B10EFAB-8FB2-47CA-AAB1-B93AA606CDFF}.Debug|Any CPU.ActiveCfg = Debug|Any CPU
		{7B10EFAB-8FB2-47CA-AAB1-B93AA606CDFF}.Debug|Any CPU.Build.0 = Debug|Any CPU
		{7B10EFAB-8FB2-47CA-AAB1-B93AA606CDFF}.Release|Any CPU.ActiveCfg = Release|Any CPU
		{7B10EFAB-8FB2-47CA-AAB1-B93AA606CDFF}.Release|Any CPU.Build.0 = Release|Any CPU
		{B73B97B5-5247-4255-9B4B-9C7E5898F6DC}.Debug|Any CPU.ActiveCfg = Debug|Any CPU
		{B73B97B5-5247-4255-9B4B-9C7E5898F6DC}.Debug|Any CPU.Build.0 = Debug|Any CPU
		{B73B97B5-5247-4255-9B4B-9C7E5898F6DC}.Release|Any CPU.ActiveCfg = Release|Any CPU
		{B73B97B5-5247-4255-9B4B-9C7E5898F6DC}.Release|Any CPU.Build.0 = Release|Any CPU
		{CE3C1E56-EBE7-45EF-A214-8D59123E1A8C}.Debug|Any CPU.ActiveCfg = Debug|Any CPU
		{CE3C1E56-EBE7-45EF-A214-8D59123E1A8C}.Debug|Any CPU.Build.0 = Debug|Any CPU
		{CE3C1E56-EBE7-45EF-A214-8D59123E1A8C}.Release|Any CPU.ActiveCfg = Release|Any CPU
		{CE3C1E56-EBE7-45EF-A214-8D59123E1A8C}.Release|Any CPU.Build.0 = Release|Any CPU
		{C7E1CAC3-6EB5-4CDA-A1A2-7EFECFBC19A9}.Debug|Any CPU.ActiveCfg = Debug|Any CPU
		{C7E1CAC3-6EB5-4CDA-A1A2-7EFECFBC19A9}.Debug|Any CPU.Build.0 = Debug|Any CPU
		{C7E1CAC3-6EB5-4CDA-A1A2-7EFECFBC19A9}.Release|Any CPU.ActiveCfg = Release|Any CPU
		{C7E1CAC3-6EB5-4CDA-A1A2-7EFECFBC19A9}.Release|Any CPU.Build.0 = Release|Any CPU
		{F1C472C9-9456-4350-A2EE-BA96FE9610B7}.Debug|Any CPU.ActiveCfg = Debug|Any CPU
		{F1C472C9-9456-4350-A2EE-BA96FE9610B7}.Debug|Any CPU.Build.0 = Debug|Any CPU
		{F1C472C9-9456-4350-A2EE-BA96FE9610B7}.Release|Any CPU.ActiveCfg = Release|Any CPU
		{F1C472C9-9456-4350-A2EE-BA96FE9610B7}.Release|Any CPU.Build.0 = Release|Any CPU
		{3D13FDBD-E9C5-4706-94A2-01A8A9D396B6}.Debug|Any CPU.ActiveCfg = Debug|Any CPU
		{3D13FDBD-E9C5-4706-94A2-01A8A9D396B6}.Debug|Any CPU.Build.0 = Debug|Any CPU
		{3D13FDBD-E9C5-4706-94A2-01A8A9D396B6}.Release|Any CPU.ActiveCfg = Release|Any CPU
		{3D13FDBD-E9C5-4706-94A2-01A8A9D396B6}.Release|Any CPU.Build.0 = Release|Any CPU
		{25105816-2116-40F9-9422-56FE4CE2FBAF}.Debug|Any CPU.ActiveCfg = Debug|Any CPU
		{25105816-2116-40F9-9422-56FE4CE2FBAF}.Debug|Any CPU.Build.0 = Debug|Any CPU
		{25105816-2116-40F9-9422-56FE4CE2FBAF}.Release|Any CPU.ActiveCfg = Release|Any CPU
		{25105816-2116-40F9-9422-56FE4CE2FBAF}.Release|Any CPU.Build.0 = Release|Any CPU
		{A26F72ED-4A20-468B-83EC-F11A2F9D46F2}.Debug|Any CPU.ActiveCfg = Debug|Any CPU
		{A26F72ED-4A20-468B-83EC-F11A2F9D46F2}.Debug|Any CPU.Build.0 = Debug|Any CPU
		{A26F72ED-4A20-468B-83EC-F11A2F9D46F2}.Release|Any CPU.ActiveCfg = Release|Any CPU
		{A26F72ED-4A20-468B-83EC-F11A2F9D46F2}.Release|Any CPU.Build.0 = Release|Any CPU
		{DBD0F70C-82FB-4047-A5B4-385670E17D56}.Debug|Any CPU.ActiveCfg = Debug|Any CPU
		{DBD0F70C-82FB-4047-A5B4-385670E17D56}.Debug|Any CPU.Build.0 = Debug|Any CPU
		{DBD0F70C-82FB-4047-A5B4-385670E17D56}.Release|Any CPU.ActiveCfg = Release|Any CPU
		{DBD0F70C-82FB-4047-A5B4-385670E17D56}.Release|Any CPU.Build.0 = Release|Any CPU
		{911B9310-6918-4438-A06A-B9EF825B6D38}.Debug|Any CPU.ActiveCfg = Debug|Any CPU
		{911B9310-6918-4438-A06A-B9EF825B6D38}.Debug|Any CPU.Build.0 = Debug|Any CPU
		{911B9310-6918-4438-A06A-B9EF825B6D38}.Release|Any CPU.ActiveCfg = Release|Any CPU
		{911B9310-6918-4438-A06A-B9EF825B6D38}.Release|Any CPU.Build.0 = Release|Any CPU
		{A0BF645A-834C-46D6-9980-EFA68DD52C50}.Debug|Any CPU.ActiveCfg = Debug|Any CPU
		{A0BF645A-834C-46D6-9980-EFA68DD52C50}.Debug|Any CPU.Build.0 = Debug|Any CPU
		{A0BF645A-834C-46D6-9980-EFA68DD52C50}.Release|Any CPU.ActiveCfg = Release|Any CPU
		{A0BF645A-834C-46D6-9980-EFA68DD52C50}.Release|Any CPU.Build.0 = Release|Any CPU
		{D842975B-6828-4FA1-891D-110C480C9683}.Debug|Any CPU.ActiveCfg = Debug|Any CPU
		{D842975B-6828-4FA1-891D-110C480C9683}.Debug|Any CPU.Build.0 = Debug|Any CPU
		{D842975B-6828-4FA1-891D-110C480C9683}.Release|Any CPU.ActiveCfg = Release|Any CPU
		{D842975B-6828-4FA1-891D-110C480C9683}.Release|Any CPU.Build.0 = Release|Any CPU
		{7EA0C7BB-F3EE-4268-87DE-975EED20D701}.Debug|Any CPU.ActiveCfg = Debug|Any CPU
		{7EA0C7BB-F3EE-4268-87DE-975EED20D701}.Debug|Any CPU.Build.0 = Debug|Any CPU
		{7EA0C7BB-F3EE-4268-87DE-975EED20D701}.Release|Any CPU.ActiveCfg = Release|Any CPU
		{7EA0C7BB-F3EE-4268-87DE-975EED20D701}.Release|Any CPU.Build.0 = Release|Any CPU
	EndGlobalSection
	GlobalSection(SolutionProperties) = preSolution
		HideSolutionNode = FALSE
	EndGlobalSection
EndGlobal
